
Microsoft Visual Studio Solution File, Format Version 12.00
# Visual Studio Version 17
VisualStudioVersion = 17.14.36811.4
MinimumVisualStudioVersion = 10.0.40219.1
Project("{FAE04EC0-301F-11D3-BF4B-00C04F79EFBC}") = "RecapitulareSerbanVictor", "RecapitulareSerbanVictor\RecapitulareSerbanVictor.csproj", "{8DC59DB3-8A1C-472F-9AB3-5B619A49FA90}"
EndProject
Project("{FAE04EC0-301F-11D3-BF4B-00C04F79EFBC}") = "RecapitulareSerbanVictor.Tests", "RecapitulareSerbanVictor.Tests\RecapitulareSerbanVictor.Tests.csproj", "{3FF9613D-5383-4108-A256-AB6CB0058138}"
EndProject
Global
	GlobalSection(SolutionConfigurationPlatforms) = preSolution
		Debug|Any CPU = Debug|Any CPU
		Release|Any CPU = Release|Any CPU
	EndGlobalSection
	GlobalSection(ProjectConfigurationPlatforms) = postSolution
		{8DC59DB3-8A1C-472F-9AB3-5B619A49FA90}.Debug|Any CPU.ActiveCfg = Debug|Any CPU
		{8DC59DB3-8A1C-472F-9AB3-5B619A49FA90}.Debug|Any CPU.Build.0 = Debug|Any CPU
		{8DC59DB3-8A1C-472F-9AB3-5B619A49FA90}.Release|Any CPU.ActiveCfg = Release|Any CPU
		{8DC59DB3-8A1C-472F-9AB3-5B619A49FA90}.Release|Any CPU.Build.0 = Release|Any CPU
		{3FF9613D-5383-4108-A256-AB6CB0058138}.Debug|Any CPU.ActiveCfg = Debug|Any CPU
		{3FF9613D-5383-4108-A256-AB6CB0058138}.Debug|Any CPU.Build.0 = Debug|Any CPU
		{3FF9613D-5383-4108-A256-AB6CB0058138}.Release|Any CPU.ActiveCfg = Release|Any CPU
		{3FF9613D-5383-4108-A256-AB6CB0058138}.Release|Any CPU.Build.0 = Release|Any CPU
	EndGlobalSection
	GlobalSection(SolutionProperties) = preSolution
		HideSolutionNode = FALSE
	EndGlobalSection
	GlobalSection(ExtensibilityGlobals) = postSolution
		SolutionGuid = {6E23E7A3-B089-4952-92D9-F6FF0F9E9491}
	EndGlobalSection
EndGlobal
